
Microsoft Visual Studio Solution File, Format Version 12.00
# Visual Studio Version 17
VisualStudioVersion = 17.2.32526.322
MinimumVisualStudioVersion = 10.0.40219.1
Project("{FAE04EC0-301F-11D3-BF4B-00C04F79EFBC}") = "InventoryManager", "InventoryManager\InventoryManager.csproj", "{F7440CC0-1C11-4B02-87F9-05167DC3FD2A}"
EndProject
Global
	GlobalSection(SolutionConfigurationPlatforms) = preSolution
		Debug|Any CPU = Debug|Any CPU
		Release|Any CPU = Release|Any CPU
	EndGlobalSection
	GlobalSection(ProjectConfigurationPlatforms) = postSolution
		{F7440CC0-1C11-4B02-87F9-05167DC3FD2A}.Debug|Any CPU.ActiveCfg = Debug|Any CPU
		{F7440CC0-1C11-4B02-87F9-05167DC3FD2A}.Debug|Any CPU.Build.0 = Debug|Any CPU
		{F7440CC0-1C11-4B02-87F9-05167DC3FD2A}.Release|Any CPU.ActiveCfg = Release|Any CPU
		{F7440CC0-1C11-4B02-87F9-05167DC3FD2A}.Release|Any CPU.Build.0 = Release|Any CPU
	EndGlobalSection
	GlobalSection(SolutionProperties) = preSolution
		HideSolutionNode = FALSE
	EndGlobalSection
	GlobalSection(ExtensibilityGlobals) = postSolution
		SolutionGuid = {FB347796-ECE6-4C18-92DD-E4BF5E16E0D2}
	EndGlobalSection
EndGlobal
